// !$*UTF8*$!
{
	archiveVersion = 1;
	classes = {
	};
	objectVersion = 56;
	objects = {

/* Begin PBXBuildFile section */
		3FA8F1452BA7D3EB00AAD1F3 /* AppDelegate.swift in Sources */ = {isa = PBXBuildFile; fileRef = 3FA8F1442BA7D3EB00AAD1F3 /* AppDelegate.swift */; };
		3FA8F1472BA7D3EB00AAD1F3 /* SceneDelegate.swift in Sources */ = {isa = PBXBuildFile; fileRef = 3FA8F1462BA7D3EB00AAD1F3 /* SceneDelegate.swift */; };
		3FA8F1492BA7D3EB00AAD1F3 /* ViewController.swift in Sources */ = {isa = PBXBuildFile; fileRef = 3FA8F1482BA7D3EB00AAD1F3 /* ViewController.swift */; };
		3FA8F14C2BA7D3EB00AAD1F3 /* Main.storyboard in Resources */ = {isa = PBXBuildFile; fileRef = 3FA8F14A2BA7D3EB00AAD1F3 /* Main.storyboard */; };
		3FA8F14F2BA7D3EB00AAD1F3 /* Exercise7.xcdatamodeld in Sources */ = {isa = PBXBuildFile; fileRef = 3FA8F14D2BA7D3EB00AAD1F3 /* Exercise7.xcdatamodeld */; };
		3FA8F1512BA7D3EC00AAD1F3 /* Assets.xcassets in Resources */ = {isa = PBXBuildFile; fileRef = 3FA8F1502BA7D3EC00AAD1F3 /* Assets.xcassets */; };
		3FA8F1542BA7D3EC00AAD1F3 /* LaunchScreen.storyboard in Resources */ = {isa = PBXBuildFile; fileRef = 3FA8F1522BA7D3EC00AAD1F3 /* LaunchScreen.storyboard */; };
		3FA8F15F2BA7D3EC00AAD1F3 /* Exercise7Tests.swift in Sources */ = {isa = PBXBuildFile; fileRef = 3FA8F15E2BA7D3EC00AAD1F3 /* Exercise7Tests.swift */; };
		3FA8F1692BA7D3EC00AAD1F3 /* Exercise7UITests.swift in Sources */ = {isa = PBXBuildFile; fileRef = 3FA8F1682BA7D3EC00AAD1F3 /* Exercise7UITests.swift */; };
		3FA8F16B2BA7D3EC00AAD1F3 /* Exercise7UITestsLaunchTests.swift in Sources */ = {isa = PBXBuildFile; fileRef = 3FA8F16A2BA7D3EC00AAD1F3 /* Exercise7UITestsLaunchTests.swift */; };
/* End PBXBuildFile section */

/* Begin PBXContainerItemProxy section */
		3FA8F15B2BA7D3EC00AAD1F3 /* PBXContainerItemProxy */ = {
			isa = PBXContainerItemProxy;
			containerPortal = 3FA8F1392BA7D3EB00AAD1F3 /* Project object */;
			proxyType = 1;
			remoteGlobalIDString = 3FA8F1402BA7D3EB00AAD1F3;
			remoteInfo = Exercise7;
		};
		3FA8F1652BA7D3EC00AAD1F3 /* PBXContainerItemProxy */ = {
			isa = PBXContainerItemProxy;
			containerPortal = 3FA8F1392BA7D3EB00AAD1F3 /* Project object */;
			proxyType = 1;
			remoteGlobalIDString = 3FA8F1402BA7D3EB00AAD1F3;
			remoteInfo = Exercise7;
		};
/* End PBXContainerItemProxy section */

/* Begin PBXFileReference section */
		3FA8F1412BA7D3EB00AAD1F3 /* Exercise7.app */ = {isa = PBXFileReference; explicitFileType = wrapper.application; includeInIndex = 0; path = Exercise7.app; sourceTree = BUILT_PRODUCTS_DIR; };
		3FA8F1442BA7D3EB00AAD1F3 /* AppDelegate.swift */ = {isa = PBXFileReference; lastKnownFileType = sourcecode.swift; path = AppDelegate.swift; sourceTree = "<group>"; };
		3FA8F1462BA7D3EB00AAD1F3 /* SceneDelegate.swift */ = {isa = PBXFileReference; lastKnownFileType = sourcecode.swift; path = SceneDelegate.swift; sourceTree = "<group>"; };
		3FA8F1482BA7D3EB00AAD1F3 /* ViewController.swift */ = {isa = PBXFileReference; lastKnownFileType = sourcecode.swift; path = ViewController.swift; sourceTree = "<group>"; };
		3FA8F14B2BA7D3EB00AAD1F3 /* Base */ = {isa = PBXFileReference; lastKnownFileType = file.storyboard; name = Base; path = Base.lproj/Main.storyboard; sourceTree = "<group>"; };
		3FA8F14E2BA7D3EB00AAD1F3 /* Exercise7.xcdatamodel */ = {isa = PBXFileReference; lastKnownFileType = wrapper.xcdatamodel; path = Exercise7.xcdatamodel; sourceTree = "<group>"; };
		3FA8F1502BA7D3EC00AAD1F3 /* Assets.xcassets */ = {isa = PBXFileReference; lastKnownFileType = folder.assetcatalog; path = Assets.xcassets; sourceTree = "<group>"; };
		3FA8F1532BA7D3EC00AAD1F3 /* Base */ = {isa = PBXFileReference; lastKnownFileType = file.storyboard; name = Base; path = Base.lproj/LaunchScreen.storyboard; sourceTree = "<group>"; };
		3FA8F1552BA7D3EC00AAD1F3 /* Info.plist */ = {isa = PBXFileReference; lastKnownFileType = text.plist.xml; path = Info.plist; sourceTree = "<group>"; };
		3FA8F15A2BA7D3EC00AAD1F3 /* Exercise7Tests.xctest */ = {isa = PBXFileReference; explicitFileType = wrapper.cfbundle; includeInIndex = 0; path = Exercise7Tests.xctest; sourceTree = BUILT_PRODUCTS_DIR; };
		3FA8F15E2BA7D3EC00AAD1F3 /* Exercise7Tests.swift */ = {isa = PBXFileReference; lastKnownFileType = sourcecode.swift; path = Exercise7Tests.swift; sourceTree = "<group>"; };
		3FA8F1642BA7D3EC00AAD1F3 /* Exercise7UITests.xctest */ = {isa = PBXFileReference; explicitFileType = wrapper.cfbundle; includeInIndex = 0; path = Exercise7UITests.xctest; sourceTree = BUILT_PRODUCTS_DIR; };
		3FA8F1682BA7D3EC00AAD1F3 /* Exercise7UITests.swift */ = {isa = PBXFileReference; lastKnownFileType = sourcecode.swift; path = Exercise7UITests.swift; sourceTree = "<group>"; };
		3FA8F16A2BA7D3EC00AAD1F3 /* Exercise7UITestsLaunchTests.swift */ = {isa = PBXFileReference; lastKnownFileType = sourcecode.swift; path = Exercise7UITestsLaunchTests.swift; sourceTree = "<group>"; };
/* End PBXFileReference section */

/* Begin PBXFrameworksBuildPhase section */
		3FA8F13E2BA7D3EB00AAD1F3 /* Frameworks */ = {
			isa = PBXFrameworksBuildPhase;
			buildActionMask = 2147483647;
			files = (
			);
			runOnlyForDeploymentPostprocessing = 0;
		};
		3FA8F1572BA7D3EC00AAD1F3 /* Frameworks */ = {
			isa = PBXFrameworksBuildPhase;
			buildActionMask = 2147483647;
			files = (
			);
			runOnlyForDeploymentPostprocessing = 0;
		};
		3FA8F1612BA7D3EC00AAD1F3 /* Frameworks */ = {
			isa = PBXFrameworksBuildPhase;
			buildActionMask = 2147483647;
			files = (
			);
			runOnlyForDeploymentPostprocessing = 0;
		};
/* End PBXFrameworksBuildPhase section */

/* Begin PBXGroup section */
		3FA8F1382BA7D3EB00AAD1F3 = {
			isa = PBXGroup;
			children = (
				3FA8F1432BA7D3EB00AAD1F3 /* Exercise7 */,
				3FA8F15D2BA7D3EC00AAD1F3 /* Exercise7Tests */,
				3FA8F1672BA7D3EC00AAD1F3 /* Exercise7UITests */,
				3FA8F1422BA7D3EB00AAD1F3 /* Products */,
			);
			sourceTree = "<group>";
		};
		3FA8F1422BA7D3EB00AAD1F3 /* Products */ = {
			isa = PBXGroup;
			children = (
				3FA8F1412BA7D3EB00AAD1F3 /* Exercise7.app */,
				3FA8F15A2BA7D3EC00AAD1F3 /* Exercise7Tests.xctest */,
				3FA8F1642BA7D3EC00AAD1F3 /* Exercise7UITests.xctest */,
			);
			name = Products;
			sourceTree = "<group>";
		};
		3FA8F1432BA7D3EB00AAD1F3 /* Exercise7 */ = {
			isa = PBXGroup;
			children = (
				3FA8F1442BA7D3EB00AAD1F3 /* AppDelegate.swift */,
				3FA8F1462BA7D3EB00AAD1F3 /* SceneDelegate.swift */,
				3FA8F1482BA7D3EB00AAD1F3 /* ViewController.swift */,
				3FA8F14A2BA7D3EB00AAD1F3 /* Main.storyboard */,
				3FA8F1502BA7D3EC00AAD1F3 /* Assets.xcassets */,
				3FA8F1522BA7D3EC00AAD1F3 /* LaunchScreen.storyboard */,
				3FA8F1552BA7D3EC00AAD1F3 /* Info.plist */,
				3FA8F14D2BA7D3EB00AAD1F3 /* Exercise7.xcdatamodeld */,
			);
			path = Exercise7;
			sourceTree = "<group>";
		};
		3FA8F15D2BA7D3EC00AAD1F3 /* Exercise7Tests */ = {
			isa = PBXGroup;
			children = (
				3FA8F15E2BA7D3EC00AAD1F3 /* Exercise7Tests.swift */,
			);
			path = Exercise7Tests;
			sourceTree = "<group>";
		};
		3FA8F1672BA7D3EC00AAD1F3 /* Exercise7UITests */ = {
			isa = PBXGroup;
			children = (
				3FA8F1682BA7D3EC00AAD1F3 /* Exercise7UITests.swift */,
				3FA8F16A2BA7D3EC00AAD1F3 /* Exercise7UITestsLaunchTests.swift */,
			);
			path = Exercise7UITests;
			sourceTree = "<group>";
		};
/* End PBXGroup section */

/* Begin PBXNativeTarget section */
		3FA8F1402BA7D3EB00AAD1F3 /* Exercise7 */ = {
			isa = PBXNativeTarget;
			buildConfigurationList = 3FA8F16E2BA7D3EC00AAD1F3 /* Build configuration list for PBXNativeTarget "Exercise7" */;
			buildPhases = (
				3FA8F13D2BA7D3EB00AAD1F3 /* Sources */,
				3FA8F13E2BA7D3EB00AAD1F3 /* Frameworks */,
				3FA8F13F2BA7D3EB00AAD1F3 /* Resources */,
			);
			buildRules = (
			);
			dependencies = (
			);
			name = Exercise7;
			productName = Exercise7;
			productReference = 3FA8F1412BA7D3EB00AAD1F3 /* Exercise7.app */;
			productType = "com.apple.product-type.application";
		};
		3FA8F1592BA7D3EC00AAD1F3 /* Exercise7Tests */ = {
			isa = PBXNativeTarget;
			buildConfigurationList = 3FA8F1712BA7D3EC00AAD1F3 /* Build configuration list for PBXNativeTarget "Exercise7Tests" */;
			buildPhases = (
				3FA8F1562BA7D3EC00AAD1F3 /* Sources */,
				3FA8F1572BA7D3EC00AAD1F3 /* Frameworks */,
				3FA8F1582BA7D3EC00AAD1F3 /* Resources */,
			);
			buildRules = (
			);
			dependencies = (
				3FA8F15C2BA7D3EC00AAD1F3 /* PBXTargetDependency */,
			);
			name = Exercise7Tests;
			productName = Exercise7Tests;
			productReference = 3FA8F15A2BA7D3EC00AAD1F3 /* Exercise7Tests.xctest */;
			productType = "com.apple.product-type.bundle.unit-test";
		};
		3FA8F1632BA7D3EC00AAD1F3 /* Exercise7UITests */ = {
			isa = PBXNativeTarget;
			buildConfigurationList = 3FA8F1742BA7D3EC00AAD1F3 /* Build configuration list for PBXNativeTarget "Exercise7UITests" */;
			buildPhases = (
				3FA8F1602BA7D3EC00AAD1F3 /* Sources */,
				3FA8F1612BA7D3EC00AAD1F3 /* Frameworks */,
				3FA8F1622BA7D3EC00AAD1F3 /* Resources */,
			);
			buildRules = (
			);
			dependencies = (
				3FA8F1662BA7D3EC00AAD1F3 /* PBXTargetDependency */,
			);
			name = Exercise7UITests;
			productName = Exercise7UITests;
			productReference = 3FA8F1642BA7D3EC00AAD1F3 /* Exercise7UITests.xctest */;
			productType = "com.apple.product-type.bundle.ui-testing";
		};
/* End PBXNativeTarget section */

/* Begin PBXProject section */
		3FA8F1392BA7D3EB00AAD1F3 /* Project object */ = {
			isa = PBXProject;
			attributes = {
				BuildIndependentTargetsInParallel = 1;
				LastSwiftUpdateCheck = 1420;
				LastUpgradeCheck = 1420;
				TargetAttributes = {
					3FA8F1402BA7D3EB00AAD1F3 = {
						CreatedOnToolsVersion = 14.2;
					};
					3FA8F1592BA7D3EC00AAD1F3 = {
						CreatedOnToolsVersion = 14.2;
						TestTargetID = 3FA8F1402BA7D3EB00AAD1F3;
					};
					3FA8F1632BA7D3EC00AAD1F3 = {
						CreatedOnToolsVersion = 14.2;
						TestTargetID = 3FA8F1402BA7D3EB00AAD1F3;
					};
				};
			};
			buildConfigurationList = 3FA8F13C2BA7D3EB00AAD1F3 /* Build configuration list for PBXProject "Exercise7" */;
			compatibilityVersion = "Xcode 14.0";
			developmentRegion = en;
			hasScannedForEncodings = 0;
			knownRegions = (
				en,
				Base,
			);
			mainGroup = 3FA8F1382BA7D3EB00AAD1F3;
			productRefGroup = 3FA8F1422BA7D3EB00AAD1F3 /* Products */;
			projectDirPath = "";
			projectRoot = "";
			targets = (
				3FA8F1402BA7D3EB00AAD1F3 /* Exercise7 */,
				3FA8F1592BA7D3EC00AAD1F3 /* Exercise7Tests */,
				3FA8F1632BA7D3EC00AAD1F3 /* Exercise7UITests */,
			);
		};
/* End PBXProject section */

/* Begin PBXResourcesBuildPhase section */
		3FA8F13F2BA7D3EB00AAD1F3 /* Resources */ = {
			isa = PBXResourcesBuildPhase;
			buildActionMask = 2147483647;
			files = (
				3FA8F1542BA7D3EC00AAD1F3 /* LaunchScreen.storyboard in Resources */,
				3FA8F1512BA7D3EC00AAD1F3 /* Assets.xcassets in Resources */,
				3FA8F14C2BA7D3EB00AAD1F3 /* Main.storyboard in Resources */,
			);
			runOnlyForDeploymentPostprocessing = 0;
		};
		3FA8F1582BA7D3EC00AAD1F3 /* Resources */ = {
			isa = PBXResourcesBuildPhase;
			buildActionMask = 2147483647;
			files = (
			);
			runOnlyForDeploymentPostprocessing = 0;
		};
		3FA8F1622BA7D3EC00AAD1F3 /* Resources */ = {
			isa = PBXResourcesBuildPhase;
			buildActionMask = 2147483647;
			files = (
			);
			runOnlyForDeploymentPostprocessing = 0;
		};
/* End PBXResourcesBuildPhase section */

/* Begin PBXSourcesBuildPhase section */
		3FA8F13D2BA7D3EB00AAD1F3 /* Sources */ = {
			isa = PBXSourcesBuildPhase;
			buildActionMask = 2147483647;
			files = (
				3FA8F1492BA7D3EB00AAD1F3 /* ViewController.swift in Sources */,
				3FA8F14F2BA7D3EB00AAD1F3 /* Exercise7.xcdatamodeld in Sources */,
				3FA8F1452BA7D3EB00AAD1F3 /* AppDelegate.swift in Sources */,
				3FA8F1472BA7D3EB00AAD1F3 /* SceneDelegate.swift in Sources */,
			);
			runOnlyForDeploymentPostprocessing = 0;
		};
		3FA8F1562BA7D3EC00AAD1F3 /* Sources */ = {
			isa = PBXSourcesBuildPhase;
			buildActionMask = 2147483647;
			files = (
				3FA8F15F2BA7D3EC00AAD1F3 /* Exercise7Tests.swift in Sources */,
			);
			runOnlyForDeploymentPostprocessing = 0;
		};
		3FA8F1602BA7D3EC00AAD1F3 /* Sources */ = {
			isa = PBXSourcesBuildPhase;
			buildActionMask = 2147483647;
			files = (
				3FA8F16B2BA7D3EC00AAD1F3 /* Exercise7UITestsLaunchTests.swift in Sources */,
				3FA8F1692BA7D3EC00AAD1F3 /* Exercise7UITests.swift in Sources */,
			);
			runOnlyForDeploymentPostprocessing = 0;
		};
/* End PBXSourcesBuildPhase section */

/* Begin PBXTargetDependency section */
		3FA8F15C2BA7D3EC00AAD1F3 /* PBXTargetDependency */ = {
			isa = PBXTargetDependency;
			target = 3FA8F1402BA7D3EB00AAD1F3 /* Exercise7 */;
			targetProxy = 3FA8F15B2BA7D3EC00AAD1F3 /* PBXContainerItemProxy */;
		};
		3FA8F1662BA7D3EC00AAD1F3 /* PBXTargetDependency */ = {
			isa = PBXTargetDependency;
			target = 3FA8F1402BA7D3EB00AAD1F3 /* Exercise7 */;
			targetProxy = 3FA8F1652BA7D3EC00AAD1F3 /* PBXContainerItemProxy */;
		};
/* End PBXTargetDependency section */

/* Begin PBXVariantGroup section */
		3FA8F14A2BA7D3EB00AAD1F3 /* Main.storyboard */ = {
			isa = PBXVariantGroup;
			children = (
				3FA8F14B2BA7D3EB00AAD1F3 /* Base */,
			);
			name = Main.storyboard;
			sourceTree = "<group>";
		};
		3FA8F1522BA7D3EC00AAD1F3 /* LaunchScreen.storyboard */ = {
			isa = PBXVariantGroup;
			children = (
				3FA8F1532BA7D3EC00AAD1F3 /* Base */,
			);
			name = LaunchScreen.storyboard;
			sourceTree = "<group>";
		};
/* End PBXVariantGroup section */

/* Begin XCBuildConfiguration section */
		3FA8F16C2BA7D3EC00AAD1F3 /* Debug */ = {
			isa = XCBuildConfiguration;
			buildSettings = {
				ALWAYS_SEARCH_USER_PATHS = NO;
				CLANG_ANALYZER_NONNULL = YES;
				CLANG_ANALYZER_NUMBER_OBJECT_CONVERSION = YES_AGGRESSIVE;
				CLANG_CXX_LANGUAGE_STANDARD = "gnu++20";
				CLANG_ENABLE_MODULES = YES;
				CLANG_ENABLE_OBJC_ARC = YES;
				CLANG_ENABLE_OBJC_WEAK = YES;
				CLANG_WARN_BLOCK_CAPTURE_AUTORELEASING = YES;
				CLANG_WARN_BOOL_CONVERSION = YES;
				CLANG_WARN_COMMA = YES;
				CLANG_WARN_CONSTANT_CONVERSION = YES;
				CLANG_WARN_DEPRECATED_OBJC_IMPLEMENTATIONS = YES;
				CLANG_WARN_DIRECT_OBJC_ISA_USAGE = YES_ERROR;
				CLANG_WARN_DOCUMENTATION_COMMENTS = YES;
				CLANG_WARN_EMPTY_BODY = YES;
				CLANG_WARN_ENUM_CONVERSION = YES;
				CLANG_WARN_INFINITE_RECURSION = YES;
				CLANG_WARN_INT_CONVERSION = YES;
				CLANG_WARN_NON_LITERAL_NULL_CONVERSION = YES;
				CLANG_WARN_OBJC_IMPLICIT_RETAIN_SELF = YES;
				CLANG_WARN_OBJC_LITERAL_CONVERSION = YES;
				CLANG_WARN_OBJC_ROOT_CLASS = YES_ERROR;
				CLANG_WARN_QUOTED_INCLUDE_IN_FRAMEWORK_HEADER = YES;
				CLANG_WARN_RANGE_LOOP_ANALYSIS = YES;
				CLANG_WARN_STRICT_PROTOTYPES = YES;
				CLANG_WARN_SUSPICIOUS_MOVE = YES;
				CLANG_WARN_UNGUARDED_AVAILABILITY = YES_AGGRESSIVE;
				CLANG_WARN_UNREACHABLE_CODE = YES;
				CLANG_WARN__DUPLICATE_METHOD_MATCH = YES;
				COPY_PHASE_STRIP = NO;
				DEBUG_INFORMATION_FORMAT = dwarf;
				ENABLE_STRICT_OBJC_MSGSEND = YES;
				ENABLE_TESTABILITY = YES;
				GCC_C_LANGUAGE_STANDARD = gnu11;
				GCC_DYNAMIC_NO_PIC = NO;
				GCC_NO_COMMON_BLOCKS = YES;
				GCC_OPTIMIZATION_LEVEL = 0;
				GCC_PREPROCESSOR_DEFINITIONS = (
					"DEBUG=1",
					"$(inherited)",
				);
				GCC_WARN_64_TO_32_BIT_CONVERSION = YES;
				GCC_WARN_ABOUT_RETURN_TYPE = YES_ERROR;
				GCC_WARN_UNDECLARED_SELECTOR = YES;
				GCC_WARN_UNINITIALIZED_AUTOS = YES_AGGRESSIVE;
				GCC_WARN_UNUSED_FUNCTION = YES;
				GCC_WARN_UNUSED_VARIABLE = YES;
				IPHONEOS_DEPLOYMENT_TARGET = 16.2;
				MTL_ENABLE_DEBUG_INFO = INCLUDE_SOURCE;
				MTL_FAST_MATH = YES;
				ONLY_ACTIVE_ARCH = YES;
				SDKROOT = iphoneos;
				SWIFT_ACTIVE_COMPILATION_CONDITIONS = DEBUG;
				SWIFT_OPTIMIZATION_LEVEL = "-Onone";
			};
			name = Debug;
		};
		3FA8F16D2BA7D3EC00AAD1F3 /* Release */ = {
			isa = XCBuildConfiguration;
			buildSettings = {
				ALWAYS_SEARCH_USER_PATHS = NO;
				CLANG_ANALYZER_NONNULL = YES;
				CLANG_ANALYZER_NUMBER_OBJECT_CONVERSION = YES_AGGRESSIVE;
				CLANG_CXX_LANGUAGE_STANDARD = "gnu++20";
				CLANG_ENABLE_MODULES = YES;
				CLANG_ENABLE_OBJC_ARC = YES;
				CLANG_ENABLE_OBJC_WEAK = YES;
				CLANG_WARN_BLOCK_CAPTURE_AUTORELEASING = YES;
				CLANG_WARN_BOOL_CONVERSION = YES;
				CLANG_WARN_COMMA = YES;
				CLANG_WARN_CONSTANT_CONVERSION = YES;
				CLANG_WARN_DEPRECATED_OBJC_IMPLEMENTATIONS = YES;
				CLANG_WARN_DIRECT_OBJC_ISA_USAGE = YES_ERROR;
				CLANG_WARN_DOCUMENTATION_COMMENTS = YES;
				CLANG_WARN_EMPTY_BODY = YES;
				CLANG_WARN_ENUM_CONVERSION = YES;
				CLANG_WARN_INFINITE_RECURSION = YES;
				CLANG_WARN_INT_CONVERSION = YES;
				CLANG_WARN_NON_LITERAL_NULL_CONVERSION = YES;
				CLANG_WARN_OBJC_IMPLICIT_RETAIN_SELF = YES;
				CLANG_WARN_OBJC_LITERAL_CONVERSION = YES;
				CLANG_WARN_OBJC_ROOT_CLASS = YES_ERROR;
				CLANG_WARN_QUOTED_INCLUDE_IN_FRAMEWORK_HEADER = YES;
				CLANG_WARN_RANGE_LOOP_ANALYSIS = YES;
				CLANG_WARN_STRICT_PROTOTYPES = YES;
				CLANG_WARN_SUSPICIOUS_MOVE = YES;
				CLANG_WARN_UNGUARDED_AVAILABILITY = YES_AGGRESSIVE;
				CLANG_WARN_UNREACHABLE_CODE = YES;
				CLANG_WARN__DUPLICATE_METHOD_MATCH = YES;
				COPY_PHASE_STRIP = NO;
				DEBUG_INFORMATION_FORMAT = "dwarf-with-dsym";
				ENABLE_NS_ASSERTIONS = NO;
				ENABLE_STRICT_OBJC_MSGSEND = YES;
				GCC_C_LANGUAGE_STANDARD = gnu11;
				GCC_NO_COMMON_BLOCKS = YES;
				GCC_WARN_64_TO_32_BIT_CONVERSION = YES;
				GCC_WARN_ABOUT_RETURN_TYPE = YES_ERROR;
				GCC_WARN_UNDECLARED_SELECTOR = YES;
				GCC_WARN_UNINITIALIZED_AUTOS = YES_AGGRESSIVE;
				GCC_WARN_UNUSED_FUNCTION = YES;
				GCC_WARN_UNUSED_VARIABLE = YES;
				IPHONEOS_DEPLOYMENT_TARGET = 16.2;
				MTL_ENABLE_DEBUG_INFO = NO;
				MTL_FAST_MATH = YES;
				SDKROOT = iphoneos;
				SWIFT_COMPILATION_MODE = wholemodule;
				SWIFT_OPTIMIZATION_LEVEL = "-O";
				VALIDATE_PRODUCT = YES;
			};
			name = Release;
		};
		3FA8F16F2BA7D3EC00AAD1F3 /* Debug */ = {
			isa = XCBuildConfiguration;
			buildSettings = {
				ASSETCATALOG_COMPILER_APPICON_NAME = AppIcon;
				ASSETCATALOG_COMPILER_GLOBAL_ACCENT_COLOR_NAME = AccentColor;
				CODE_SIGN_STYLE = Automatic;
				CURRENT_PROJECT_VERSION = 1;
				GENERATE_INFOPLIST_FILE = YES;
				INFOPLIST_FILE = Exercise7/Info.plist;
				INFOPLIST_KEY_UIApplicationSupportsIndirectInputEvents = YES;
				INFOPLIST_KEY_UILaunchStoryboardName = LaunchScreen;
				INFOPLIST_KEY_UIMainStoryboardFile = Main;
				INFOPLIST_KEY_UISupportedInterfaceOrientations_iPad = "UIInterfaceOrientationPortrait UIInterfaceOrientationPortraitUpsideDown UIInterfaceOrientationLandscapeLeft UIInterfaceOrientationLandscapeRight";
				INFOPLIST_KEY_UISupportedInterfaceOrientations_iPhone = "UIInterfaceOrientationPortrait UIInterfaceOrientationLandscapeLeft UIInterfaceOrientationLandscapeRight";
				LD_RUNPATH_SEARCH_PATHS = (
					"$(inherited)",
					"@executable_path/Frameworks",
				);
				MARKETING_VERSION = 1.0;
				PRODUCT_BUNDLE_IDENTIFIER = com.project.Exercise7;
				PRODUCT_NAME = "$(TARGET_NAME)";
				SWIFT_EMIT_LOC_STRINGS = YES;
				SWIFT_VERSION = 5.0;
				TARGETED_DEVICE_FAMILY = "1,2";
			};
			name = Debug;
		};
		3FA8F1702BA7D3EC00AAD1F3 /* Release */ = {
			isa = XCBuildConfiguration;
			buildSettings = {
				ASSETCATALOG_COMPILER_APPICON_NAME = AppIcon;
				ASSETCATALOG_COMPILER_GLOBAL_ACCENT_COLOR_NAME = AccentColor;
				CODE_SIGN_STYLE = Automatic;
				CURRENT_PROJECT_VERSION = 1;
				GENERATE_INFOPLIST_FILE = YES;
				INFOPLIST_FILE = Exercise7/Info.plist;
				INFOPLIST_KEY_UIApplicationSupportsIndirectInputEvents = YES;
				INFOPLIST_KEY_UILaunchStoryboardName = LaunchScreen;
				INFOPLIST_KEY_UIMainStoryboardFile = Main;
				INFOPLIST_KEY_UISupportedInterfaceOrientations_iPad = "UIInterfaceOrientationPortrait UIInterfaceOrientationPortraitUpsideDown UIInterfaceOrientationLandscapeLeft UIInterfaceOrientationLandscapeRight";
				INFOPLIST_KEY_UISupportedInterfaceOrientations_iPhone = "UIInterfaceOrientationPortrait UIInterfaceOrientationLandscapeLeft UIInterfaceOrientationLandscapeRight";
				LD_RUNPATH_SEARCH_PATHS = (
					"$(inherited)",
					"@executable_path/Frameworks",
				);
				MARKETING_VERSION = 1.0;
				PRODUCT_BUNDLE_IDENTIFIER = com.project.Exercise7;
				PRODUCT_NAME = "$(TARGET_NAME)";
				SWIFT_EMIT_LOC_STRINGS = YES;
				SWIFT_VERSION = 5.0;
				TARGETED_DEVICE_FAMILY = "1,2";
			};
			name = Release;
		};
		3FA8F1722BA7D3EC00AAD1F3 /* Debug */ = {
			isa = XCBuildConfiguration;
			buildSettings = {
				ALWAYS_EMBED_SWIFT_STANDARD_LIBRARIES = YES;
				BUNDLE_LOADER = "$(TEST_HOST)";
				CODE_SIGN_STYLE = Automatic;
				CURRENT_PROJECT_VERSION = 1;
				GENERATE_INFOPLIST_FILE = YES;
				IPHONEOS_DEPLOYMENT_TARGET = 16.2;
				MARKETING_VERSION = 1.0;
				PRODUCT_BUNDLE_IDENTIFIER = com.project.Exercise7Tests;
				PRODUCT_NAME = "$(TARGET_NAME)";
				SWIFT_EMIT_LOC_STRINGS = NO;
				SWIFT_VERSION = 5.0;
				TARGETED_DEVICE_FAMILY = "1,2";
				TEST_HOST = "$(BUILT_PRODUCTS_DIR)/Exercise7.app/$(BUNDLE_EXECUTABLE_FOLDER_PATH)/Exercise7";
			};
			name = Debug;
		};
		3FA8F1732BA7D3EC00AAD1F3 /* Release */ = {
			isa = XCBuildConfiguration;
			buildSettings = {
				ALWAYS_EMBED_SWIFT_STANDARD_LIBRARIES = YES;
				BUNDLE_LOADER = "$(TEST_HOST)";
				CODE_SIGN_STYLE = Automatic;
				CURRENT_PROJECT_VERSION = 1;
				GENERATE_INFOPLIST_FILE = YES;
				IPHONEOS_DEPLOYMENT_TARGET = 16.2;
				MARKETING_VERSION = 1.0;
				PRODUCT_BUNDLE_IDENTIFIER = com.project.Exercise7Tests;
				PRODUCT_NAME = "$(TARGET_NAME)";
				SWIFT_EMIT_LOC_STRINGS = NO;
				SWIFT_VERSION = 5.0;
				TARGETED_DEVICE_FAMILY = "1,2";
				TEST_HOST = "$(BUILT_PRODUCTS_DIR)/Exercise7.app/$(BUNDLE_EXECUTABLE_FOLDER_PATH)/Exercise7";
			};
			name = Release;
		};
		3FA8F1752BA7D3EC00AAD1F3 /* Debug */ = {
			isa = XCBuildConfiguration;
			buildSettings = {
				ALWAYS_EMBED_SWIFT_STANDARD_LIBRARIES = YES;
				CODE_SIGN_STYLE = Automatic;
				CURRENT_PROJECT_VERSION = 1;
				GENERATE_INFOPLIST_FILE = YES;
				MARKETING_VERSION = 1.0;
				PRODUCT_BUNDLE_IDENTIFIER = com.project.Exercise7UITests;
				PRODUCT_NAME = "$(TARGET_NAME)";
				SWIFT_EMIT_LOC_STRINGS = NO;
				SWIFT_VERSION = 5.0;
				TARGETED_DEVICE_FAMILY = "1,2";
				TEST_TARGET_NAME = Exercise7;
			};
			name = Debug;
		};
		3FA8F1762BA7D3EC00AAD1F3 /* Release */ = {
			isa = XCBuildConfiguration;
			buildSettings = {
				ALWAYS_EMBED_SWIFT_STANDARD_LIBRARIES = YES;
				CODE_SIGN_STYLE = Automatic;
				CURRENT_PROJECT_VERSION = 1;
				GENERATE_INFOPLIST_FILE = YES;
				MARKETING_VERSION = 1.0;
				PRODUCT_BUNDLE_IDENTIFIER = com.project.Exercise7UITests;
				PRODUCT_NAME = "$(TARGET_NAME)";
				SWIFT_EMIT_LOC_STRINGS = NO;
				SWIFT_VERSION = 5.0;
				TARGETED_DEVICE_FAMILY = "1,2";
				TEST_TARGET_NAME = Exercise7;
			};
			name = Release;
		};
/* End XCBuildConfiguration section */

/* Begin XCConfigurationList section */
		3FA8F13C2BA7D3EB00AAD1F3 /* Build configuration list for PBXProject "Exercise7" */ = {
			isa = XCConfigurationList;
			buildConfigurations = (
				3FA8F16C2BA7D3EC00AAD1F3 /* Debug */,
				3FA8F16D2BA7D3EC00AAD1F3 /* Release */,
			);
			defaultConfigurationIsVisible = 0;
			defaultConfigurationName = Release;
		};
		3FA8F16E2BA7D3EC00AAD1F3 /* Build configuration list for PBXNativeTarget "Exercise7" */ = {
			isa = XCConfigurationList;
			buildConfigurations = (
				3FA8F16F2BA7D3EC00AAD1F3 /* Debug */,
				3FA8F1702BA7D3EC00AAD1F3 /* Release */,
			);
			defaultConfigurationIsVisible = 0;
			defaultConfigurationName = Release;
		};
		3FA8F1712BA7D3EC00AAD1F3 /* Build configuration list for PBXNativeTarget "Exercise7Tests" */ = {
			isa = XCConfigurationList;
			buildConfigurations = (
				3FA8F1722BA7D3EC00AAD1F3 /* Debug */,
				3FA8F1732BA7D3EC00AAD1F3 /* Release */,
			);
			defaultConfigurationIsVisible = 0;
			defaultConfigurationName = Release;
		};
		3FA8F1742BA7D3EC00AAD1F3 /* Build configuration list for PBXNativeTarget "Exercise7UITests" */ = {
			isa = XCConfigurationList;
			buildConfigurations = (
				3FA8F1752BA7D3EC00AAD1F3 /* Debug */,
				3FA8F1762BA7D3EC00AAD1F3 /* Release */,
			);
			defaultConfigurationIsVisible = 0;
			defaultConfigurationName = Release;
		};
/* End XCConfigurationList section */

/* Begin XCVersionGroup section */
		3FA8F14D2BA7D3EB00AAD1F3 /* Exercise7.xcdatamodeld */ = {
			isa = XCVersionGroup;
			children = (
				3FA8F14E2BA7D3EB00AAD1F3 /* Exercise7.xcdatamodel */,
			);
			currentVersion = 3FA8F14E2BA7D3EB00AAD1F3 /* Exercise7.xcdatamodel */;
			path = Exercise7.xcdatamodeld;
			sourceTree = "<group>";
			versionGroupType = wrapper.xcdatamodel;
		};
/* End XCVersionGroup section */
	};
	rootObject = 3FA8F1392BA7D3EB00AAD1F3 /* Project object */;
}
